Microsoft Visual Studio Solution File, Format Version 12.00
# Visual Studio 14
VisualStudioVersion = 14.0.24720.0
MinimumVisualStudioVersion = 10.0.40219.1
Project("{FAE04EC0-301F-11D3-BF4B-00C04F79EFBC}") = "ICGDNNQuiz", "ICGDNNQuiz\ICGDNNQuiz.csproj", "{2BE1E735-DC06-4D84-AA7A-8DDE483428AB}"
EndProject
Project("{2150E333-8FDC-42A3-9474-1A3956D46DE8}") = "CI Support", "CI Support", "{D557F14F-CD7A-40E9-A6E1-F993BEDA3E76}"
	ProjectSection(SolutionItems) = preProject
		appveyor.yml = appveyor.yml
	EndProjectSection
EndProject
Global
	GlobalSection(SolutionConfigurationPlatforms) = preSolution
		Debug|Any CPU = Debug|Any CPU
		Release|Any CPU = Release|Any CPU
	EndGlobalSection
	GlobalSection(ProjectConfigurationPlatforms) = postSolution
		{2BE1E735-DC06-4D84-AA7A-8DDE483428AB}.Debug|Any CPU.ActiveCfg = Debug|Any CPU
		{2BE1E735-DC06-4D84-AA7A-8DDE483428AB}.Debug|Any CPU.Build.0 = Debug|Any CPU
		{2BE1E735-DC06-4D84-AA7A-8DDE483428AB}.Release|Any CPU.ActiveCfg = Release|Any CPU
		{2BE1E735-DC06-4D84-AA7A-8DDE483428AB}.Release|Any CPU.Build.0 = Release|Any CPU
	EndGlobalSection
	GlobalSection(SolutionProperties) = preSolution
		HideSolutionNode = FALSE
	EndGlobalSection
EndGlobal
